// !$*UTF8*$!
{
	archiveVersion = 1;
	classes = {
	};
	objectVersion = 46;
	objects = {

/* Begin PBXBuildFile section */
		D43EBFE215335A7800FD356C /* EntryDetailViewController.xib in Resources */ = {isa = PBXBuildFile; fileRef = D43EBFE115335A7800FD356C /* EntryDetailViewController.xib */; };
		D43EBFE615335A9C00FD356C /* EntryDetailViewController.m in Sources */ = {isa = PBXBuildFile; fileRef = D43EBFE515335A9C00FD356C /* EntryDetailViewController.m */; };
		D43EBFF21533618D00FD356C /* EntryTableViewCell.m in Sources */ = {isa = PBXBuildFile; fileRef = D43EBFF11533618D00FD356C /* EntryTableViewCell.m */; };
		D43EBFF4153361AF00FD356C /* EntryTableViewCell.xib in Resources */ = {isa = PBXBuildFile; fileRef = D43EBFF3153361AF00FD356C /* EntryTableViewCell.xib */; };
		D43EC0001533636500FD356C /* date.png in Resources */ = {isa = PBXBuildFile; fileRef = D43EBFF71533636500FD356C /* date.png */; };
		D43EC0011533636500FD356C /* date@2x.png in Resources */ = {isa = PBXBuildFile; fileRef = D43EBFF81533636500FD356C /* date@2x.png */; };
		D43EC0021533636500FD356C /* list-item.png in Resources */ = {isa = PBXBuildFile; fileRef = D43EBFF91533636500FD356C /* list-item.png */; };
		D43EC0031533636500FD356C /* list-item@2x.png in Resources */ = {isa = PBXBuildFile; fileRef = D43EBFFA1533636500FD356C /* list-item@2x.png */; };
		D43EC0041533636500FD356C /* mask-details.png in Resources */ = {isa = PBXBuildFile; fileRef = D43EBFFB1533636500FD356C /* mask-details.png */; };
		D43EC0051533636500FD356C /* mask-details@2x.png in Resources */ = {isa = PBXBuildFile; fileRef = D43EBFFC1533636500FD356C /* mask-details@2x.png */; };
		D43EC0061533636500FD356C /* nav-bar@2x.png in Resources */ = {isa = PBXBuildFile; fileRef = D43EBFFD1533636500FD356C /* nav-bar@2x.png */; };
		D43EC0071533636500FD356C /* photo-mask-list.png in Resources */ = {isa = PBXBuildFile; fileRef = D43EBFFE1533636500FD356C /* photo-mask-list.png */; };
		D43EC0081533636500FD356C /* photo-mask-list@2x.png in Resources */ = {isa = PBXBuildFile; fileRef = D43EBFFF1533636500FD356C /* photo-mask-list@2x.png */; };
		D4469A3D15324FEB003F1EE3 /* FeedEntry.m in Sources */ = {isa = PBXBuildFile; fileRef = D4469A3C15324FEB003F1EE3 /* FeedEntry.m */; };
		D4B973E61531188600EBE481 /* UIKit.framework in Frameworks */ = {isa = PBXBuildFile; fileRef = D4B973E51531188600EBE481 /* UIKit.framework */; };
		D4B973E81531188600EBE481 /* Foundation.framework in Frameworks */ = {isa = PBXBuildFile; fileRef = D4B973E71531188600EBE481 /* Foundation.framework */; };
		D4B973EA1531188600EBE481 /* CoreGraphics.framework in Frameworks */ = {isa = PBXBuildFile; fileRef = D4B973E91531188600EBE481 /* CoreGraphics.framework */; };
		D4B973F01531188700EBE481 /* InfoPlist.strings in Resources */ = {isa = PBXBuildFile; fileRef = D4B973EE1531188700EBE481 /* InfoPlist.strings */; };
		D4B973F21531188700EBE481 /* main.m in Sources */ = {isa = PBXBuildFile; fileRef = D4B973F11531188700EBE481 /* main.m */; };
		D4B973F61531188700EBE481 /* GigaNomAppDelegate.m in Sources */ = {isa = PBXBuildFile; fileRef = D4B973F51531188700EBE481 /* GigaNomAppDelegate.m */; };
		D4B973F91531188700EBE481 /* GigaNomViewController.m in Sources */ = {isa = PBXBuildFile; fileRef = D4B973F81531188700EBE481 /* GigaNomViewController.m */; };
		D4B973FC1531188700EBE481 /* GigaNomViewController_iPhone.xib in Resources */ = {isa = PBXBuildFile; fileRef = D4B973FA1531188700EBE481 /* GigaNomViewController_iPhone.xib */; };
		D4B973FF1531188700EBE481 /* GigaNomViewController_iPad.xib in Resources */ = {isa = PBXBuildFile; fileRef = D4B973FD1531188700EBE481 /* GigaNomViewController_iPad.xib */; };
		D4D699DB15326FBD00351351 /* ASIAuthenticationDialog.m in Sources */ = {isa = PBXBuildFile; fileRef = D4D699C615326FB900351351 /* ASIAuthenticationDialog.m */; };
		D4D699DC15326FBD00351351 /* ASIDataCompressor.m in Sources */ = {isa = PBXBuildFile; fileRef = D4D699C915326FBA00351351 /* ASIDataCompressor.m */; };
		D4D699DD15326FBD00351351 /* ASIDataDecompressor.m in Sources */ = {isa = PBXBuildFile; fileRef = D4D699CB15326FBA00351351 /* ASIDataDecompressor.m */; };
		D4D699DE15326FBD00351351 /* ASIDownloadCache.m in Sources */ = {isa = PBXBuildFile; fileRef = D4D699CD15326FBB00351351 /* ASIDownloadCache.m */; };
		D4D699DF15326FBD00351351 /* ASIFormDataRequest.m in Sources */ = {isa = PBXBuildFile; fileRef = D4D699CF15326FBB00351351 /* ASIFormDataRequest.m */; };
		D4D699E015326FBD00351351 /* ASIHTTPRequest.m in Sources */ = {isa = PBXBuildFile; fileRef = D4D699D115326FBB00351351 /* ASIHTTPRequest.m */; };
		D4D699E115326FBD00351351 /* ASIInputStream.m in Sources */ = {isa = PBXBuildFile; fileRef = D4D699D515326FBB00351351 /* ASIInputStream.m */; };
		D4D699E215326FBD00351351 /* ASINetworkQueue.m in Sources */ = {isa = PBXBuildFile; fileRef = D4D699D715326FBC00351351 /* ASINetworkQueue.m */; };
		D4D699E315326FBD00351351 /* Reachability.m in Sources */ = {isa = PBXBuildFile; fileRef = D4D699DA15326FBC00351351 /* Reachability.m */; };
		D4D699E51532700F00351351 /* CFNetwork.framework in Frameworks */ = {isa = PBXBuildFile; fileRef = D4D699E41532700F00351351 /* CFNetwork.framework */; };
		D4D699E71532701C00351351 /* SystemConfiguration.framework in Frameworks */ = {isa = PBXBuildFile; fileRef = D4D699E61532701C00351351 /* SystemConfiguration.framework */; };
		D4D699E91532702200351351 /* MobileCoreServices.framework in Frameworks */ = {isa = PBXBuildFile; fileRef = D4D699E81532702200351351 /* MobileCoreServices.framework */; };
		D4D699EB1532702A00351351 /* libz.1.2.5.dylib in Frameworks */ = {isa = PBXBuildFile; fileRef = D4D699EA1532702A00351351 /* libz.1.2.5.dylib */; };
		D4D699F31532725400351351 /* JSONKit.m in Sources */ = {isa = PBXBuildFile; fileRef = D4D699F21532725400351351 /* JSONKit.m */; };
/* End PBXBuildFile section */

/* Begin PBXFileReference section */
		D43EBFE115335A7800FD356C /* EntryDetailViewController.xib */ = {isa = PBXFileReference; fileEncoding = 4; lastKnownFileType = file.xib; path = EntryDetailViewController.xib; sourceTree = "<group>"; };
		D43EBFE415335A9C00FD356C /* EntryDetailViewController.h */ = {isa = PBXFileReference; fileEncoding = 4; lastKnownFileType = sourcecode.c.h; path = EntryDetailViewController.h; sourceTree = "<group>"; };
		D43EBFE515335A9C00FD356C /* EntryDetailViewController.m */ = {isa = PBXFileReference; fileEncoding = 4; lastKnownFileType = sourcecode.c.objc; path = EntryDetailViewController.m; sourceTree = "<group>"; };
		D43EBFF01533618D00FD356C /* EntryTableViewCell.h */ = {isa = PBXFileReference; fileEncoding = 4; lastKnownFileType = sourcecode.c.h; path = EntryTableViewCell.h; sourceTree = "<group>"; };
		D43EBFF11533618D00FD356C /* EntryTableViewCell.m */ = {isa = PBXFileReference; fileEncoding = 4; lastKnownFileType = sourcecode.c.objc; path = EntryTableViewCell.m; sourceTree = "<group>"; };
		D43EBFF3153361AF00FD356C /* EntryTableViewCell.xib */ = {isa = PBXFileReference; fileEncoding = 4; lastKnownFileType = file.xib; path = EntryTableViewCell.xib; sourceTree = "<group>"; };
		D43EBFF71533636500FD356C /* date.png */ = {isa = PBXFileReference; lastKnownFileType = image.png; path = date.png; sourceTree = "<group>"; };
		D43EBFF81533636500FD356C /* date@2x.png */ = {isa = PBXFileReference; lastKnownFileType = image.png; path = "date@2x.png"; sourceTree = "<group>"; };
		D43EBFF91533636500FD356C /* list-item.png */ = {isa = PBXFileReference; lastKnownFileType = image.png; path = "list-item.png"; sourceTree = "<group>"; };
		D43EBFFA1533636500FD356C /* list-item@2x.png */ = {isa = PBXFileReference; lastKnownFileType = image.png; path = "list-item@2x.png"; sourceTree = "<group>"; };
		D43EBFFB1533636500FD356C /* mask-details.png */ = {isa = PBXFileReference; lastKnownFileType = image.png; path = "mask-details.png"; sourceTree = "<group>"; };
		D43EBFFC1533636500FD356C /* mask-details@2x.png */ = {isa = PBXFileReference; lastKnownFileType = image.png; path = "mask-details@2x.png"; sourceTree = "<group>"; };
		D43EBFFD1533636500FD356C /* nav-bar@2x.png */ = {isa = PBXFileReference; lastKnownFileType = image.png; path = "nav-bar@2x.png"; sourceTree = "<group>"; };
		D43EBFFE1533636500FD356C /* photo-mask-list.png */ = {isa = PBXFileReference; lastKnownFileType = image.png; path = "photo-mask-list.png"; sourceTree = "<group>"; };
		D43EBFFF1533636500FD356C /* photo-mask-list@2x.png */ = {isa = PBXFileReference; lastKnownFileType = image.png; path = "photo-mask-list@2x.png"; sourceTree = "<group>"; };
		D4469A3B15324FEB003F1EE3 /* FeedEntry.h */ = {isa = PBXFileReference; fileEncoding = 4; lastKnownFileType = sourcecode.c.h; path = FeedEntry.h; sourceTree = "<group>"; };
		D4469A3C15324FEB003F1EE3 /* FeedEntry.m */ = {isa = PBXFileReference; fileEncoding = 4; lastKnownFileType = sourcecode.c.objc; path = FeedEntry.m; sourceTree = "<group>"; };
		D4B973E11531188600EBE481 /* GigaNom.app */ = {isa = PBXFileReference; explicitFileType = wrapper.application; includeInIndex = 0; path = GigaNom.app; sourceTree = BUILT_PRODUCTS_DIR; };
		D4B973E51531188600EBE481 /* UIKit.framework */ = {isa = PBXFileReference; lastKnownFileType = wrapper.framework; name = UIKit.framework; path = System/Library/Frameworks/UIKit.framework; sourceTree = SDKROOT; };
		D4B973E71531188600EBE481 /* Foundation.framework */ = {isa = PBXFileReference; lastKnownFileType = wrapper.framework; name = Foundation.framework; path = System/Library/Frameworks/Foundation.framework; sourceTree = SDKROOT; };
		D4B973E91531188600EBE481 /* CoreGraphics.framework */ = {isa = PBXFileReference; lastKnownFileType = wrapper.framework; name = CoreGraphics.framework; path = System/Library/Frameworks/CoreGraphics.framework; sourceTree = SDKROOT; };
		D4B973ED1531188700EBE481 /* GigaNom-Info.plist */ = {isa = PBXFileReference; lastKnownFileType = text.plist.xml; path = "GigaNom-Info.plist"; sourceTree = "<group>"; };
		D4B973EF1531188700EBE481 /* en */ = {isa = PBXFileReference; lastKnownFileType = text.plist.strings; name = en; path = en.lproj/InfoPlist.strings; sourceTree = "<group>"; };
		D4B973F11531188700EBE481 /* main.m */ = {isa = PBXFileReference; lastKnownFileType = sourcecode.c.objc; path = main.m; sourceTree = "<group>"; };
		D4B973F31531188700EBE481 /* GigaNom-Prefix.pch */ = {isa = PBXFileReference; lastKnownFileType = sourcecode.c.h; path = "GigaNom-Prefix.pch"; sourceTree = "<group>"; };
		D4B973F41531188700EBE481 /* GigaNomAppDelegate.h */ = {isa = PBXFileReference; lastKnownFileType = sourcecode.c.h; path = GigaNomAppDelegate.h; sourceTree = "<group>"; };
		D4B973F51531188700EBE481 /* GigaNomAppDelegate.m */ = {isa = PBXFileReference; lastKnownFileType = sourcecode.c.objc; path = GigaNomAppDelegate.m; sourceTree = "<group>"; };
		D4B973F71531188700EBE481 /* GigaNomViewController.h */ = {isa = PBXFileReference; lastKnownFileType = sourcecode.c.h; path = GigaNomViewController.h; sourceTree = "<group>"; };
		D4B973F81531188700EBE481 /* GigaNomViewController.m */ = {isa = PBXFileReference; lastKnownFileType = sourcecode.c.objc; path = GigaNomViewController.m; sourceTree = "<group>"; };
		D4B973FB1531188700EBE481 /* en */ = {isa = PBXFileReference; lastKnownFileType = file.xib; name = en; path = en.lproj/GigaNomViewController_iPhone.xib; sourceTree = "<group>"; };
		D4B973FE1531188700EBE481 /* en */ = {isa = PBXFileReference; lastKnownFileType = file.xib; name = en; path = en.lproj/GigaNomViewController_iPad.xib; sourceTree = "<group>"; };
		D4D699C515326FB900351351 /* ASIAuthenticationDialog.h */ = {isa = PBXFileReference; fileEncoding = 4; lastKnownFileType = sourcecode.c.h; name = ASIAuthenticationDialog.h; path = ASIHTTPRequest/ASIAuthenticationDialog.h; sourceTree = "<group>"; };
		D4D699C615326FB900351351 /* ASIAuthenticationDialog.m */ = {isa = PBXFileReference; fileEncoding = 4; lastKnownFileType = sourcecode.c.objc; name = ASIAuthenticationDialog.m; path = ASIHTTPRequest/ASIAuthenticationDialog.m; sourceTree = "<group>"; };
		D4D699C715326FBA00351351 /* ASICacheDelegate.h */ = {isa = PBXFileReference; fileEncoding = 4; lastKnownFileType = sourcecode.c.h; name = ASICacheDelegate.h; path = ASIHTTPRequest/ASICacheDelegate.h; sourceTree = "<group>"; };
		D4D699C815326FBA00351351 /* ASIDataCompressor.h */ = {isa = PBXFileReference; fileEncoding = 4; lastKnownFileType = sourcecode.c.h; name = ASIDataCompressor.h; path = ASIHTTPRequest/ASIDataCompressor.h; sourceTree = "<group>"; };
		D4D699C915326FBA00351351 /* ASIDataCompressor.m */ = {isa = PBXFileReference; fileEncoding = 4; lastKnownFileType = sourcecode.c.objc; name = ASIDataCompressor.m; path = ASIHTTPRequest/ASIDataCompressor.m; sourceTree = "<group>"; };
		D4D699CA15326FBA00351351 /* ASIDataDecompressor.h */ = {isa = PBXFileReference; fileEncoding = 4; lastKnownFileType = sourcecode.c.h; name = ASIDataDecompressor.h; path = ASIHTTPRequest/ASIDataDecompressor.h; sourceTree = "<group>"; };
		D4D699CB15326FBA00351351 /* ASIDataDecompressor.m */ = {isa = PBXFileReference; fileEncoding = 4; lastKnownFileType = sourcecode.c.objc; name = ASIDataDecompressor.m; path = ASIHTTPRequest/ASIDataDecompressor.m; sourceTree = "<group>"; };
		D4D699CC15326FBA00351351 /* ASIDownloadCache.h */ = {isa = PBXFileReference; fileEncoding = 4; lastKnownFileType = sourcecode.c.h; name = ASIDownloadCache.h; path = ASIHTTPRequest/ASIDownloadCache.h; sourceTree = "<group>"; };
		D4D699CD15326FBB00351351 /* ASIDownloadCache.m */ = {isa = PBXFileReference; fileEncoding = 4; lastKnownFileType = sourcecode.c.objc; name = ASIDownloadCache.m; path = ASIHTTPRequest/ASIDownloadCache.m; sourceTree = "<group>"; };
		D4D699CE15326FBB00351351 /* ASIFormDataRequest.h */ = {isa = PBXFileReference; fileEncoding = 4; lastKnownFileType = sourcecode.c.h; name = ASIFormDataRequest.h; path = ASIHTTPRequest/ASIFormDataRequest.h; sourceTree = "<group>"; };
		D4D699CF15326FBB00351351 /* ASIFormDataRequest.m */ = {isa = PBXFileReference; fileEncoding = 4; lastKnownFileType = sourcecode.c.objc; name = ASIFormDataRequest.m; path = ASIHTTPRequest/ASIFormDataRequest.m; sourceTree = "<group>"; };
		D4D699D015326FBB00351351 /* ASIHTTPRequest.h */ = {isa = PBXFileReference; fileEncoding = 4; lastKnownFileType = sourcecode.c.h; name = ASIHTTPRequest.h; path = ASIHTTPRequest/ASIHTTPRequest.h; sourceTree = "<group>"; };
		D4D699D115326FBB00351351 /* ASIHTTPRequest.m */ = {isa = PBXFileReference; fileEncoding = 4; lastKnownFileType = sourcecode.c.objc; name = ASIHTTPRequest.m; path = ASIHTTPRequest/ASIHTTPRequest.m; sourceTree = "<group>"; };
		D4D699D215326FBB00351351 /* ASIHTTPRequestConfig.h */ = {isa = PBXFileReference; fileEncoding = 4; lastKnownFileType = sourcecode.c.h; name = ASIHTTPRequestConfig.h; path = ASIHTTPRequest/ASIHTTPRequestConfig.h; sourceTree = "<group>"; };
		D4D699D315326FBB00351351 /* ASIHTTPRequestDelegate.h */ = {isa = PBXFileReference; fileEncoding = 4; lastKnownFileType = sourcecode.c.h; name = ASIHTTPRequestDelegate.h; path = ASIHTTPRequest/ASIHTTPRequestDelegate.h; sourceTree = "<group>"; };
		D4D699D415326FBB00351351 /* ASIInputStream.h */ = {isa = PBXFileReference; fileEncoding = 4; lastKnownFileType = sourcecode.c.h; name = ASIInputStream.h; path = ASIHTTPRequest/ASIInputStream.h; sourceTree = "<group>"; };
		D4D699D515326FBB00351351 /* ASIInputStream.m */ = {isa = PBXFileReference; fileEncoding = 4; lastKnownFileType = sourcecode.c.objc; name = ASIInputStream.m; path = ASIHTTPRequest/ASIInputStream.m; sourceTree = "<group>"; };
		D4D699D615326FBC00351351 /* ASINetworkQueue.h */ = {isa = PBXFileReference; fileEncoding = 4; lastKnownFileType = sourcecode.c.h; name = ASINetworkQueue.h; path = ASIHTTPRequest/ASINetworkQueue.h; sourceTree = "<group>"; };
		D4D699D715326FBC00351351 /* ASINetworkQueue.m */ = {isa = PBXFileReference; fileEncoding = 4; lastKnownFileType = sourcecode.c.objc; name = ASINetworkQueue.m; path = ASIHTTPRequest/ASINetworkQueue.m; sourceTree = "<group>"; };
		D4D699D815326FBC00351351 /* ASIProgressDelegate.h */ = {isa = PBXFileReference; fileEncoding = 4; lastKnownFileType = sourcecode.c.h; name = ASIProgressDelegate.h; path = ASIHTTPRequest/ASIProgressDelegate.h; sourceTree = "<group>"; };
		D4D699D915326FBC00351351 /* Reachability.h */ = {isa = PBXFileReference; fileEncoding = 4; lastKnownFileType = sourcecode.c.h; name = Reachability.h; path = ASIHTTPRequest/Reachability.h; sourceTree = "<group>"; };
		D4D699DA15326FBC00351351 /* Reachability.m */ = {isa = PBXFileReference; fileEncoding = 4; lastKnownFileType = sourcecode.c.objc; name = Reachability.m; path = ASIHTTPRequest/Reachability.m; sourceTree = "<group>"; };
		D4D699E41532700F00351351 /* CFNetwork.framework */ = {isa = PBXFileReference; lastKnownFileType = wrapper.framework; name = CFNetwork.framework; path = System/Library/Frameworks/CFNetwork.framework; sourceTree = SDKROOT; };
		D4D699E61532701C00351351 /* SystemConfiguration.framework */ = {isa = PBXFileReference; lastKnownFileType = wrapper.framework; name = SystemConfiguration.framework; path = System/Library/Frameworks/SystemConfiguration.framework; sourceTree = SDKROOT; };
		D4D699E81532702200351351 /* MobileCoreServices.framework */ = {isa = PBXFileReference; lastKnownFileType = wrapper.framework; name = MobileCoreServices.framework; path = System/Library/Frameworks/MobileCoreServices.framework; sourceTree = SDKROOT; };
		D4D699EA1532702A00351351 /* libz.1.2.5.dylib */ = {isa = PBXFileReference; lastKnownFileType = "compiled.mach-o.dylib"; name = libz.1.2.5.dylib; path = usr/lib/libz.1.2.5.dylib; sourceTree = SDKROOT; };
		D4D699F11532725400351351 /* JSONKit.h */ = {isa = PBXFileReference; fileEncoding = 4; lastKnownFileType = sourcecode.c.h; name = JSONKit.h; path = JSONKit/JSONKit.h; sourceTree = "<group>"; };
		D4D699F21532725400351351 /* JSONKit.m */ = {isa = PBXFileReference; fileEncoding = 4; lastKnownFileType = sourcecode.c.objc; name = JSONKit.m; path = JSONKit/JSONKit.m; sourceTree = "<group>"; };
/* End PBXFileReference section */

/* Begin PBXFrameworksBuildPhase section */
		D4B973DE1531188600EBE481 /* Frameworks */ = {
			isa = PBXFrameworksBuildPhase;
			buildActionMask = 2147483647;
			files = (
				D4D699EB1532702A00351351 /* libz.1.2.5.dylib in Frameworks */,
				D4D699E91532702200351351 /* MobileCoreServices.framework in Frameworks */,
				D4D699E71532701C00351351 /* SystemConfiguration.framework in Frameworks */,
				D4D699E51532700F00351351 /* CFNetwork.framework in Frameworks */,
				D4B973E61531188600EBE481 /* UIKit.framework in Frameworks */,
				D4B973E81531188600EBE481 /* Foundation.framework in Frameworks */,
				D4B973EA1531188600EBE481 /* CoreGraphics.framework in Frameworks */,
			);
			runOnlyForDeploymentPostprocessing = 0;
		};
/* End PBXFrameworksBuildPhase section */

/* Begin PBXGroup section */
		D43EBFEF1533614B00FD356C /* View Controllers */ = {
			isa = PBXGroup;
			children = (
				D4B973F71531188700EBE481 /* GigaNomViewController.h */,
				D4B973F81531188700EBE481 /* GigaNomViewController.m */,
				D4B973FA1531188700EBE481 /* GigaNomViewController_iPhone.xib */,
				D4B973FD1531188700EBE481 /* GigaNomViewController_iPad.xib */,
				D43EBFE415335A9C00FD356C /* EntryDetailViewController.h */,
				D43EBFE515335A9C00FD356C /* EntryDetailViewController.m */,
				D43EBFE115335A7800FD356C /* EntryDetailViewController.xib */,
				D43EBFF01533618D00FD356C /* EntryTableViewCell.h */,
				D43EBFF11533618D00FD356C /* EntryTableViewCell.m */,
				D43EBFF3153361AF00FD356C /* EntryTableViewCell.xib */,
			);
			name = "View Controllers";
			sourceTree = "<group>";
		};
		D43EBFF51533631B00FD356C /* Resources */ = {
			isa = PBXGroup;
			children = (
				D43EBFF61533635000FD356C /* Custom UITableViewCell assets */,
				D4D699C415326FA300351351 /* ASIHTTPRequest */,
				D4D699F0153271F100351351 /* JSONKit */,
			);
			name = Resources;
			sourceTree = "<group>";
		};
		D43EBFF61533635000FD356C /* Custom UITableViewCell assets */ = {
			isa = PBXGroup;
			children = (
				D43EBFF71533636500FD356C /* date.png */,
				D43EBFF81533636500FD356C /* date@2x.png */,
				D43EBFF91533636500FD356C /* list-item.png */,
				D43EBFFA1533636500FD356C /* list-item@2x.png */,
				D43EBFFB1533636500FD356C /* mask-details.png */,
				D43EBFFC1533636500FD356C /* mask-details@2x.png */,
				D43EBFFD1533636500FD356C /* nav-bar@2x.png */,
				D43EBFFE1533636500FD356C /* photo-mask-list.png */,
				D43EBFFF1533636500FD356C /* photo-mask-list@2x.png */,
			);
			name = "Custom UITableViewCell assets";
			sourceTree = "<group>";
		};
		D4469A3915324FBF003F1EE3 /* RSS model classes */ = {
			isa = PBXGroup;
			children = (
				D4469A3B15324FEB003F1EE3 /* FeedEntry.h */,
				D4469A3C15324FEB003F1EE3 /* FeedEntry.m */,
			);
			name = "RSS model classes";
			sourceTree = "<group>";
		};
		D4B973D61531188300EBE481 = {
			isa = PBXGroup;
			children = (
				D4B973EB1531188600EBE481 /* GigaNom */,
				D4B973E41531188600EBE481 /* Frameworks */,
				D4B973E21531188600EBE481 /* Products */,
			);
			sourceTree = "<group>";
		};
		D4B973E21531188600EBE481 /* Products */ = {
			isa = PBXGroup;
			children = (
				D4B973E11531188600EBE481 /* GigaNom.app */,
			);
			name = Products;
			sourceTree = "<group>";
		};
		D4B973E41531188600EBE481 /* Frameworks */ = {
			isa = PBXGroup;
			children = (
				D4D699EA1532702A00351351 /* libz.1.2.5.dylib */,
				D4D699E81532702200351351 /* MobileCoreServices.framework */,
				D4D699E61532701C00351351 /* SystemConfiguration.framework */,
				D4D699E41532700F00351351 /* CFNetwork.framework */,
				D4B973E51531188600EBE481 /* UIKit.framework */,
				D4B973E71531188600EBE481 /* Foundation.framework */,
				D4B973E91531188600EBE481 /* CoreGraphics.framework */,
			);
			name = Frameworks;
			sourceTree = "<group>";
		};
		D4B973EB1531188600EBE481 /* GigaNom */ = {
			isa = PBXGroup;
			children = (
				D4B973F41531188700EBE481 /* GigaNomAppDelegate.h */,
				D4B973F51531188700EBE481 /* GigaNomAppDelegate.m */,
				D43EBFEF1533614B00FD356C /* View Controllers */,
				D4469A3915324FBF003F1EE3 /* RSS model classes */,
				D43EBFF51533631B00FD356C /* Resources */,
				D4B973EC1531188600EBE481 /* Supporting Files */,
			);
			path = GigaNom;
			sourceTree = "<group>";
		};
		D4B973EC1531188600EBE481 /* Supporting Files */ = {
			isa = PBXGroup;
			children = (
				D4B973ED1531188700EBE481 /* GigaNom-Info.plist */,
				D4B973EE1531188700EBE481 /* InfoPlist.strings */,
				D4B973F11531188700EBE481 /* main.m */,
				D4B973F31531188700EBE481 /* GigaNom-Prefix.pch */,
			);
			name = "Supporting Files";
			sourceTree = "<group>";
		};
		D4D699C415326FA300351351 /* ASIHTTPRequest */ = {
			isa = PBXGroup;
			children = (
				D4D699C515326FB900351351 /* ASIAuthenticationDialog.h */,
				D4D699C615326FB900351351 /* ASIAuthenticationDialog.m */,
				D4D699C715326FBA00351351 /* ASICacheDelegate.h */,
				D4D699C815326FBA00351351 /* ASIDataCompressor.h */,
				D4D699C915326FBA00351351 /* ASIDataCompressor.m */,
				D4D699CA15326FBA00351351 /* ASIDataDecompressor.h */,
				D4D699CB15326FBA00351351 /* ASIDataDecompressor.m */,
				D4D699CC15326FBA00351351 /* ASIDownloadCache.h */,
				D4D699CD15326FBB00351351 /* ASIDownloadCache.m */,
				D4D699CE15326FBB00351351 /* ASIFormDataRequest.h */,
				D4D699CF15326FBB00351351 /* ASIFormDataRequest.m */,
				D4D699D015326FBB00351351 /* ASIHTTPRequest.h */,
				D4D699D115326FBB00351351 /* ASIHTTPRequest.m */,
				D4D699D215326FBB00351351 /* ASIHTTPRequestConfig.h */,
				D4D699D315326FBB00351351 /* ASIHTTPRequestDelegate.h */,
				D4D699D415326FBB00351351 /* ASIInputStream.h */,
				D4D699D515326FBB00351351 /* ASIInputStream.m */,
				D4D699D615326FBC00351351 /* ASINetworkQueue.h */,
				D4D699D715326FBC00351351 /* ASINetworkQueue.m */,
				D4D699D815326FBC00351351 /* ASIProgressDelegate.h */,
				D4D699D915326FBC00351351 /* Reachability.h */,
				D4D699DA15326FBC00351351 /* Reachability.m */,
			);
			name = ASIHTTPRequest;
			sourceTree = "<group>";
		};
		D4D699F0153271F100351351 /* JSONKit */ = {
			isa = PBXGroup;
			children = (
				D4D699F11532725400351351 /* JSONKit.h */,
				D4D699F21532725400351351 /* JSONKit.m */,
			);
			name = JSONKit;
			sourceTree = "<group>";
		};
/* End PBXGroup section */

/* Begin PBXNativeTarget section */
		D4B973E01531188600EBE481 /* GigaNom */ = {
			isa = PBXNativeTarget;
			buildConfigurationList = D4B974021531188700EBE481 /* Build configuration list for PBXNativeTarget "GigaNom" */;
			buildPhases = (
				D4B973DD1531188600EBE481 /* Sources */,
				D4B973DE1531188600EBE481 /* Frameworks */,
				D4B973DF1531188600EBE481 /* Resources */,
			);
			buildRules = (
			);
			dependencies = (
			);
			name = GigaNom;
			productName = GigaNom;
			productReference = D4B973E11531188600EBE481 /* GigaNom.app */;
			productType = "com.apple.product-type.application";
		};
/* End PBXNativeTarget section */

/* Begin PBXProject section */
		D4B973D81531188300EBE481 /* Project object */ = {
			isa = PBXProject;
			attributes = {
				LastUpgradeCheck = 0420;
				ORGANIZATIONNAME = "UC Davis";
			};
			buildConfigurationList = D4B973DB1531188400EBE481 /* Build configuration list for PBXProject "GigaNom" */;
			compatibilityVersion = "Xcode 3.2";
			developmentRegion = English;
			hasScannedForEncodings = 0;
			knownRegions = (
				en,
			);
			mainGroup = D4B973D61531188300EBE481;
			productRefGroup = D4B973E21531188600EBE481 /* Products */;
			projectDirPath = "";
			projectRoot = "";
			targets = (
				D4B973E01531188600EBE481 /* GigaNom */,
			);
		};
/* End PBXProject section */

/* Begin PBXResourcesBuildPhase section */
		D4B973DF1531188600EBE481 /* Resources */ = {
			isa = PBXResourcesBuildPhase;
			buildActionMask = 2147483647;
			files = (
				D4B973F01531188700EBE481 /* InfoPlist.strings in Resources */,
				D4B973FC1531188700EBE481 /* GigaNomViewController_iPhone.xib in Resources */,
				D4B973FF1531188700EBE481 /* GigaNomViewController_iPad.xib in Resources */,
				D43EBFE215335A7800FD356C /* EntryDetailViewController.xib in Resources */,
				D43EBFF4153361AF00FD356C /* EntryTableViewCell.xib in Resources */,
				D43EC0001533636500FD356C /* date.png in Resources */,
				D43EC0011533636500FD356C /* date@2x.png in Resources */,
				D43EC0021533636500FD356C /* list-item.png in Resources */,
				D43EC0031533636500FD356C /* list-item@2x.png in Resources */,
				D43EC0041533636500FD356C /* mask-details.png in Resources */,
				D43EC0051533636500FD356C /* mask-details@2x.png in Resources */,
				D43EC0061533636500FD356C /* nav-bar@2x.png in Resources */,
				D43EC0071533636500FD356C /* photo-mask-list.png in Resources */,
				D43EC0081533636500FD356C /* photo-mask-list@2x.png in Resources */,
			);
			runOnlyForDeploymentPostprocessing = 0;
		};
/* End PBXResourcesBuildPhase section */

/* Begin PBXSourcesBuildPhase section */
		D4B973DD1531188600EBE481 /* Sources */ = {
			isa = PBXSourcesBuildPhase;
			buildActionMask = 2147483647;
			files = (
				D4B973F21531188700EBE481 /* main.m in Sources */,
				D4B973F61531188700EBE481 /* GigaNomAppDelegate.m in Sources */,
				D4B973F91531188700EBE481 /* GigaNomViewController.m in Sources */,
				D4469A3D15324FEB003F1EE3 /* FeedEntry.m in Sources */,
				D4D699DB15326FBD00351351 /* ASIAuthenticationDialog.m in Sources */,
				D4D699DC15326FBD00351351 /* ASIDataCompressor.m in Sources */,
				D4D699DD15326FBD00351351 /* ASIDataDecompressor.m in Sources */,
				D4D699DE15326FBD00351351 /* ASIDownloadCache.m in Sources */,
				D4D699DF15326FBD00351351 /* ASIFormDataRequest.m in Sources */,
				D4D699E015326FBD00351351 /* ASIHTTPRequest.m in Sources */,
				D4D699E115326FBD00351351 /* ASIInputStream.m in Sources */,
				D4D699E215326FBD00351351 /* ASINetworkQueue.m in Sources */,
				D4D699E315326FBD00351351 /* Reachability.m in Sources */,
				D4D699F31532725400351351 /* JSONKit.m in Sources */,
				D43EBFE615335A9C00FD356C /* EntryDetailViewController.m in Sources */,
				D43EBFF21533618D00FD356C /* EntryTableViewCell.m in Sources */,
			);
			runOnlyForDeploymentPostprocessing = 0;
		};
/* End PBXSourcesBuildPhase section */

/* Begin PBXVariantGroup section */
		D4B973EE1531188700EBE481 /* InfoPlist.strings */ = {
			isa = PBXVariantGroup;
			children = (
				D4B973EF1531188700EBE481 /* en */,
			);
			name = InfoPlist.strings;
			sourceTree = "<group>";
		};
		D4B973FA1531188700EBE481 /* GigaNomViewController_iPhone.xib */ = {
			isa = PBXVariantGroup;
			children = (
				D4B973FB1531188700EBE481 /* en */,
			);
			name = GigaNomViewController_iPhone.xib;
			sourceTree = "<group>";
		};
		D4B973FD1531188700EBE481 /* GigaNomViewController_iPad.xib */ = {
			isa = PBXVariantGroup;
			children = (
				D4B973FE1531188700EBE481 /* en */,
			);
			name = GigaNomViewController_iPad.xib;
			sourceTree = "<group>";
		};
/* End PBXVariantGroup section */

/* Begin XCBuildConfiguration section */
		D4B974001531188700EBE481 /* Debug */ = {
			isa = XCBuildConfiguration;
			buildSettings = {
				ALWAYS_SEARCH_USER_PATHS = NO;
				ARCHS = "$(ARCHS_STANDARD_32_BIT)";
				"CODE_SIGN_IDENTITY[sdk=iphoneos*]" = "iPhone Developer";
				COPY_PHASE_STRIP = NO;
				GCC_C_LANGUAGE_STANDARD = gnu99;
				GCC_DYNAMIC_NO_PIC = NO;
				GCC_OPTIMIZATION_LEVEL = 0;
				GCC_PREPROCESSOR_DEFINITIONS = (
					"DEBUG=1",
					"$(inherited)",
				);
				GCC_SYMBOLS_PRIVATE_EXTERN = NO;
				GCC_VERSION = com.apple.compilers.llvm.clang.1_0;
				GCC_WARN_ABOUT_MISSING_PROTOTYPES = YES;
				GCC_WARN_ABOUT_RETURN_TYPE = YES;
				GCC_WARN_UNUSED_VARIABLE = YES;
				IPHONEOS_DEPLOYMENT_TARGET = 5.0;
				SDKROOT = iphoneos;
				TARGETED_DEVICE_FAMILY = "1,2";
			};
			name = Debug;
		};
		D4B974011531188700EBE481 /* Release */ = {
			isa = XCBuildConfiguration;
			buildSettings = {
				ALWAYS_SEARCH_USER_PATHS = NO;
				ARCHS = "$(ARCHS_STANDARD_32_BIT)";
				"CODE_SIGN_IDENTITY[sdk=iphoneos*]" = "iPhone Developer";
				COPY_PHASE_STRIP = YES;
				GCC_C_LANGUAGE_STANDARD = gnu99;
				GCC_VERSION = com.apple.compilers.llvm.clang.1_0;
				GCC_WARN_ABOUT_MISSING_PROTOTYPES = YES;
				GCC_WARN_ABOUT_RETURN_TYPE = YES;
				GCC_WARN_UNUSED_VARIABLE = YES;
				IPHONEOS_DEPLOYMENT_TARGET = 5.0;
				OTHER_CFLAGS = "-DNS_BLOCK_ASSERTIONS=1";
				SDKROOT = iphoneos;
				TARGETED_DEVICE_FAMILY = "1,2";
				VALIDATE_PRODUCT = YES;
			};
			name = Release;
		};
		D4B974031531188700EBE481 /* Debug */ = {
			isa = XCBuildConfiguration;
			buildSettings = {
				GCC_PRECOMPILE_PREFIX_HEADER = YES;
				GCC_PREFIX_HEADER = "GigaNom/GigaNom-Prefix.pch";
				INFOPLIST_FILE = "GigaNom/GigaNom-Info.plist";
				PRODUCT_NAME = "$(TARGET_NAME)";
				WRAPPER_EXTENSION = app;
			};
			name = Debug;
		};
		D4B974041531188700EBE481 /* Release */ = {
			isa = XCBuildConfiguration;
			buildSettings = {
				GCC_PRECOMPILE_PREFIX_HEADER = YES;
				GCC_PREFIX_HEADER = "GigaNom/GigaNom-Prefix.pch";
				INFOPLIST_FILE = "GigaNom/GigaNom-Info.plist";
				PRODUCT_NAME = "$(TARGET_NAME)";
				WRAPPER_EXTENSION = app;
			};
			name = Release;
		};
/* End XCBuildConfiguration section */

/* Begin XCConfigurationList section */
		D4B973DB1531188400EBE481 /* Build configuration list for PBXProject "GigaNom" */ = {
			isa = XCConfigurationList;
			buildConfigurations = (
				D4B974001531188700EBE481 /* Debug */,
				D4B974011531188700EBE481 /* Release */,
			);
			defaultConfigurationIsVisible = 0;
			defaultConfigurationName = Release;
		};
		D4B974021531188700EBE481 /* Build configuration list for PBXNativeTarget "GigaNom" */ = {
			isa = XCConfigurationList;
			buildConfigurations = (
				D4B974031531188700EBE481 /* Debug */,
				D4B974041531188700EBE481 /* Release */,
			);
			defaultConfigurationIsVisible = 0;
			defaultConfigurationName = Release;
		};
/* End XCConfigurationList section */
	};
	rootObject = D4B973D81531188300EBE481 /* Project object */;
}
